
Microsoft Visual Studio Solution File, Format Version 12.00
# Visual Studio Version 16
VisualStudioVersion = 16.0.29926.136
MinimumVisualStudioVersion = 10.0.40219.1
Project("{FAE04EC0-301F-11D3-BF4B-00C04F79EFBC}") = "HW_14.06", "HW_14.06\HW_14.06.csproj", "{6CE4D594-F8A2-453A-A974-403AB5EFB984}"
EndProject
Global
	GlobalSection(SolutionConfigurationPlatforms) = preSolution
		Debug|Any CPU = Debug|Any CPU
		Release|Any CPU = Release|Any CPU
	EndGlobalSection
	GlobalSection(ProjectConfigurationPlatforms) = postSolution
		{6CE4D594-F8A2-453A-A974-403AB5EFB984}.Debug|Any CPU.ActiveCfg = Debug|Any CPU
		{6CE4D594-F8A2-453A-A974-403AB5EFB984}.Debug|Any CPU.Build.0 = Debug|Any CPU
		{6CE4D594-F8A2-453A-A974-403AB5EFB984}.Release|Any CPU.ActiveCfg = Release|Any CPU
		{6CE4D594-F8A2-453A-A974-403AB5EFB984}.Release|Any CPU.Build.0 = Release|Any CPU
	EndGlobalSection
	GlobalSection(SolutionProperties) = preSolution
		HideSolutionNode = FALSE
	EndGlobalSection
	GlobalSection(ExtensibilityGlobals) = postSolution
		SolutionGuid = {3F027699-6B0B-41D8-80D1-2AAF0020CBB9}
	EndGlobalSection
EndGlobal
